// !$*UTF8*$!
{
	archiveVersion = 1;
	classes = {
	};
	objectVersion = 50;
	objects = {

/* Begin PBXBuildFile section */
		2F4529CA219A467300EC378D /* MrBeepViewController.swift in Sources */ = {isa = PBXBuildFile; fileRef = 2F4529C9219A467300EC378D /* MrBeepViewController.swift */; };
		2F4529CC219B695700EC378D /* SensorManager.swift in Sources */ = {isa = PBXBuildFile; fileRef = 2F4529CB219B695700EC378D /* SensorManager.swift */; };
		2F4529CE219CC07600EC378D /* StorageManager.swift in Sources */ = {isa = PBXBuildFile; fileRef = 2F4529CD219CC07600EC378D /* StorageManager.swift */; };
		2F4529D0219DDF1A00EC378D /* StartMrBeepViewController.swift in Sources */ = {isa = PBXBuildFile; fileRef = 2F4529CF219DDF1A00EC378D /* StartMrBeepViewController.swift */; };
		2F81A97B21AC7CC300AFCA1A /* StartRogernavViewController.swift in Sources */ = {isa = PBXBuildFile; fileRef = 2F81A97A21AC7CC300AFCA1A /* StartRogernavViewController.swift */; };
		2FD3D7FD216BDA070051E4C3 /* AppDelegate.swift in Sources */ = {isa = PBXBuildFile; fileRef = 2FD3D7FC216BDA070051E4C3 /* AppDelegate.swift */; };
		2FD3D7FF216BDA070051E4C3 /* ViewController.swift in Sources */ = {isa = PBXBuildFile; fileRef = 2FD3D7FE216BDA070051E4C3 /* ViewController.swift */; };
		2FD3D802216BDA070051E4C3 /* Main.storyboard in Resources */ = {isa = PBXBuildFile; fileRef = 2FD3D800216BDA070051E4C3 /* Main.storyboard */; };
		2FD3D804216BDA080051E4C3 /* Assets.xcassets in Resources */ = {isa = PBXBuildFile; fileRef = 2FD3D803216BDA080051E4C3 /* Assets.xcassets */; };
		2FD3D807216BDA080051E4C3 /* LaunchScreen.storyboard in Resources */ = {isa = PBXBuildFile; fileRef = 2FD3D805216BDA080051E4C3 /* LaunchScreen.storyboard */; };
		2FD3D80F216BFB210051E4C3 /* StandaloneViewController.swift in Sources */ = {isa = PBXBuildFile; fileRef = 2FD3D80E216BFB210051E4C3 /* StandaloneViewController.swift */; };
		2FD3D811216C08090051E4C3 /* RogernavViewController.swift in Sources */ = {isa = PBXBuildFile; fileRef = 2FD3D810216C08090051E4C3 /* RogernavViewController.swift */; };
		2FD3D815216EA93D0051E4C3 /* Constants.swift in Sources */ = {isa = PBXBuildFile; fileRef = 2FD3D814216EA93D0051E4C3 /* Constants.swift */; };
/* End PBXBuildFile section */

/* Begin PBXFileReference section */
		2F4529C9219A467300EC378D /* MrBeepViewController.swift */ = {isa = PBXFileReference; lastKnownFileType = sourcecode.swift; path = MrBeepViewController.swift; sourceTree = "<group>"; };
		2F4529CB219B695700EC378D /* SensorManager.swift */ = {isa = PBXFileReference; lastKnownFileType = sourcecode.swift; path = SensorManager.swift; sourceTree = "<group>"; };
		2F4529CD219CC07600EC378D /* StorageManager.swift */ = {isa = PBXFileReference; lastKnownFileType = sourcecode.swift; path = StorageManager.swift; sourceTree = "<group>"; };
		2F4529CF219DDF1A00EC378D /* StartMrBeepViewController.swift */ = {isa = PBXFileReference; lastKnownFileType = sourcecode.swift; path = StartMrBeepViewController.swift; sourceTree = "<group>"; };
		2F81A97A21AC7CC300AFCA1A /* StartRogernavViewController.swift */ = {isa = PBXFileReference; lastKnownFileType = sourcecode.swift; path = StartRogernavViewController.swift; sourceTree = "<group>"; };
		2FD3D7F9216BDA070051E4C3 /* SensorHub.app */ = {isa = PBXFileReference; explicitFileType = wrapper.application; includeInIndex = 0; path = SensorHub.app; sourceTree = BUILT_PRODUCTS_DIR; };
		2FD3D7FC216BDA070051E4C3 /* AppDelegate.swift */ = {isa = PBXFileReference; lastKnownFileType = sourcecode.swift; path = AppDelegate.swift; sourceTree = "<group>"; };
		2FD3D7FE216BDA070051E4C3 /* ViewController.swift */ = {isa = PBXFileReference; lastKnownFileType = sourcecode.swift; path = ViewController.swift; sourceTree = "<group>"; };
		2FD3D801216BDA070051E4C3 /* Base */ = {isa = PBXFileReference; lastKnownFileType = file.storyboard; name = Base; path = Base.lproj/Main.storyboard; sourceTree = "<group>"; };
		2FD3D803216BDA080051E4C3 /* Assets.xcassets */ = {isa = PBXFileReference; lastKnownFileType = folder.assetcatalog; path = Assets.xcassets; sourceTree = "<group>"; };
		2FD3D806216BDA080051E4C3 /* Base */ = {isa = PBXFileReference; lastKnownFileType = file.storyboard; name = Base; path = Base.lproj/LaunchScreen.storyboard; sourceTree = "<group>"; };
		2FD3D808216BDA080051E4C3 /* Info.plist */ = {isa = PBXFileReference; lastKnownFileType = text.plist.xml; path = Info.plist; sourceTree = "<group>"; };
		2FD3D80E216BFB210051E4C3 /* StandaloneViewController.swift */ = {isa = PBXFileReference; lastKnownFileType = sourcecode.swift; path = StandaloneViewController.swift; sourceTree = "<group>"; };
		2FD3D810216C08090051E4C3 /* RogernavViewController.swift */ = {isa = PBXFileReference; lastKnownFileType = sourcecode.swift; path = RogernavViewController.swift; sourceTree = "<group>"; };
		2FD3D814216EA93D0051E4C3 /* Constants.swift */ = {isa = PBXFileReference; lastKnownFileType = sourcecode.swift; path = Constants.swift; sourceTree = "<group>"; };
/* End PBXFileReference section */

/* Begin PBXFrameworksBuildPhase section */
		2FD3D7F6216BDA070051E4C3 /* Frameworks */ = {
			isa = PBXFrameworksBuildPhase;
			buildActionMask = 2147483647;
			files = (
			);
			runOnlyForDeploymentPostprocessing = 0;
		};
/* End PBXFrameworksBuildPhase section */

/* Begin PBXGroup section */
		2FD3D7F0216BDA070051E4C3 = {
			isa = PBXGroup;
			children = (
				2FD3D7FB216BDA070051E4C3 /* SensorHub */,
				2FD3D7FA216BDA070051E4C3 /* Products */,
			);
			sourceTree = "<group>";
		};
		2FD3D7FA216BDA070051E4C3 /* Products */ = {
			isa = PBXGroup;
			children = (
				2FD3D7F9216BDA070051E4C3 /* SensorHub.app */,
			);
			name = Products;
			sourceTree = "<group>";
		};
		2FD3D7FB216BDA070051E4C3 /* SensorHub */ = {
			isa = PBXGroup;
			children = (
				2FD3D7FC216BDA070051E4C3 /* AppDelegate.swift */,
				2FD3D7FE216BDA070051E4C3 /* ViewController.swift */,
				2FD3D800216BDA070051E4C3 /* Main.storyboard */,
				2FD3D803216BDA080051E4C3 /* Assets.xcassets */,
				2FD3D805216BDA080051E4C3 /* LaunchScreen.storyboard */,
				2FD3D808216BDA080051E4C3 /* Info.plist */,
				2FD3D80E216BFB210051E4C3 /* StandaloneViewController.swift */,
				2FD3D810216C08090051E4C3 /* RogernavViewController.swift */,
				2FD3D814216EA93D0051E4C3 /* Constants.swift */,
				2F4529C9219A467300EC378D /* MrBeepViewController.swift */,
				2F4529CF219DDF1A00EC378D /* StartMrBeepViewController.swift */,
				2F4529CB219B695700EC378D /* SensorManager.swift */,
				2F4529CD219CC07600EC378D /* StorageManager.swift */,
				2F81A97A21AC7CC300AFCA1A /* StartRogernavViewController.swift */,
			);
			path = SensorHub;
			sourceTree = "<group>";
		};
/* End PBXGroup section */

/* Begin PBXNativeTarget section */
		2FD3D7F8216BDA070051E4C3 /* SensorHub */ = {
			isa = PBXNativeTarget;
			buildConfigurationList = 2FD3D80B216BDA080051E4C3 /* Build configuration list for PBXNativeTarget "SensorHub" */;
			buildPhases = (
				2FD3D7F5216BDA070051E4C3 /* Sources */,
				2FD3D7F6216BDA070051E4C3 /* Frameworks */,
				2FD3D7F7216BDA070051E4C3 /* Resources */,
			);
			buildRules = (
			);
			dependencies = (
			);
			name = SensorHub;
			productName = SensorHub;
			productReference = 2FD3D7F9216BDA070051E4C3 /* SensorHub.app */;
			productType = "com.apple.product-type.application";
		};
/* End PBXNativeTarget section */

/* Begin PBXProject section */
		2FD3D7F1216BDA070051E4C3 /* Project object */ = {
			isa = PBXProject;
			attributes = {
				LastSwiftUpdateCheck = 0940;
				LastUpgradeCheck = 0940;
				ORGANIZATIONNAME = "James Yu";
				TargetAttributes = {
					2FD3D7F8216BDA070051E4C3 = {
						CreatedOnToolsVersion = 9.4;
						LastSwiftMigration = 1000;
						SystemCapabilities = {
							com.apple.BackgroundModes = {
								enabled = 1;
							};
						};
					};
				};
			};
			buildConfigurationList = 2FD3D7F4216BDA070051E4C3 /* Build configuration list for PBXProject "SensorHub" */;
			compatibilityVersion = "Xcode 9.3";
			developmentRegion = en;
			hasScannedForEncodings = 0;
			knownRegions = (
				en,
				Base,
			);
			mainGroup = 2FD3D7F0216BDA070051E4C3;
			productRefGroup = 2FD3D7FA216BDA070051E4C3 /* Products */;
			projectDirPath = "";
			projectRoot = "";
			targets = (
				2FD3D7F8216BDA070051E4C3 /* SensorHub */,
			);
		};
/* End PBXProject section */

/* Begin PBXResourcesBuildPhase section */
		2FD3D7F7216BDA070051E4C3 /* Resources */ = {
			isa = PBXResourcesBuildPhase;
			buildActionMask = 2147483647;
			files = (
				2FD3D807216BDA080051E4C3 /* LaunchScreen.storyboard in Resources */,
				2FD3D804216BDA080051E4C3 /* Assets.xcassets in Resources */,
				2FD3D802216BDA070051E4C3 /* Main.storyboard in Resources */,
			);
			runOnlyForDeploymentPostprocessing = 0;
		};
/* End PBXResourcesBuildPhase section */

/* Begin PBXSourcesBuildPhase section */
		2FD3D7F5216BDA070051E4C3 /* Sources */ = {
			isa = PBXSourcesBuildPhase;
			buildActionMask = 2147483647;
			files = (
				2FD3D815216EA93D0051E4C3 /* Constants.swift in Sources */,
				2FD3D80F216BFB210051E4C3 /* StandaloneViewController.swift in Sources */,
				2F4529D0219DDF1A00EC378D /* StartMrBeepViewController.swift in Sources */,
				2FD3D7FF216BDA070051E4C3 /* ViewController.swift in Sources */,
				2F4529CA219A467300EC378D /* MrBeepViewController.swift in Sources */,
				2FD3D811216C08090051E4C3 /* RogernavViewController.swift in Sources */,
				2FD3D7FD216BDA070051E4C3 /* AppDelegate.swift in Sources */,
				2F4529CC219B695700EC378D /* SensorManager.swift in Sources */,
				2F4529CE219CC07600EC378D /* StorageManager.swift in Sources */,
				2F81A97B21AC7CC300AFCA1A /* StartRogernavViewController.swift in Sources */,
			);
			runOnlyForDeploymentPostprocessing = 0;
		};
/* End PBXSourcesBuildPhase section */

/* Begin PBXVariantGroup section */
		2FD3D800216BDA070051E4C3 /* Main.storyboard */ = {
			isa = PBXVariantGroup;
			children = (
				2FD3D801216BDA070051E4C3 /* Base */,
			);
			name = Main.storyboard;
			sourceTree = "<group>";
		};
		2FD3D805216BDA080051E4C3 /* LaunchScreen.storyboard */ = {
			isa = PBXVariantGroup;
			children = (
				2FD3D806216BDA080051E4C3 /* Base */,
			);
			name = LaunchScreen.storyboard;
			sourceTree = "<group>";
		};
/* End PBXVariantGroup section */

/* Begin XCBuildConfiguration section */
		2FD3D809216BDA080051E4C3 /* Debug */ = {
			isa = XCBuildConfiguration;
			buildSettings = {
				ALWAYS_SEARCH_USER_PATHS = NO;
				CLANG_ANALYZER_NONNULL = YES;
				CLANG_ANALYZER_NUMBER_OBJECT_CONVERSION = YES_AGGRESSIVE;
				CLANG_CXX_LANGUAGE_STANDARD = "gnu++14";
				CLANG_CXX_LIBRARY = "libc++";
				CLANG_ENABLE_MODULES = YES;
				CLANG_ENABLE_OBJC_ARC = YES;
				CLANG_ENABLE_OBJC_WEAK = YES;
				CLANG_WARN_BLOCK_CAPTURE_AUTORELEASING = YES;
				CLANG_WARN_BOOL_CONVERSION = YES;
				CLANG_WARN_COMMA = YES;
				CLANG_WARN_CONSTANT_CONVERSION = YES;
				CLANG_WARN_DEPRECATED_OBJC_IMPLEMENTATIONS = YES;
				CLANG_WARN_DIRECT_OBJC_ISA_USAGE = YES_ERROR;
				CLANG_WARN_DOCUMENTATION_COMMENTS = YES;
				CLANG_WARN_EMPTY_BODY = YES;
				CLANG_WARN_ENUM_CONVERSION = YES;
				CLANG_WARN_INFINITE_RECURSION = YES;
				CLANG_WARN_INT_CONVERSION = YES;
				CLANG_WARN_NON_LITERAL_NULL_CONVERSION = YES;
				CLANG_WARN_OBJC_IMPLICIT_RETAIN_SELF = YES;
				CLANG_WARN_OBJC_LITERAL_CONVERSION = YES;
				CLANG_WARN_OBJC_ROOT_CLASS = YES_ERROR;
				CLANG_WARN_RANGE_LOOP_ANALYSIS = YES;
				CLANG_WARN_STRICT_PROTOTYPES = YES;
				CLANG_WARN_SUSPICIOUS_MOVE = YES;
				CLANG_WARN_UNGUARDED_AVAILABILITY = YES_AGGRESSIVE;
				CLANG_WARN_UNREACHABLE_CODE = YES;
				CLANG_WARN__DUPLICATE_METHOD_MATCH = YES;
				CODE_SIGN_IDENTITY = "iPhone Developer";
				COPY_PHASE_STRIP = NO;
				DEBUG_INFORMATION_FORMAT = dwarf;
				ENABLE_STRICT_OBJC_MSGSEND = YES;
				ENABLE_TESTABILITY = YES;
				GCC_C_LANGUAGE_STANDARD = gnu11;
				GCC_DYNAMIC_NO_PIC = NO;
				GCC_NO_COMMON_BLOCKS = YES;
				GCC_OPTIMIZATION_LEVEL = 0;
				GCC_PREPROCESSOR_DEFINITIONS = (
					"DEBUG=1",
					"$(inherited)",
				);
				GCC_WARN_64_TO_32_BIT_CONVERSION = YES;
				GCC_WARN_ABOUT_RETURN_TYPE = YES_ERROR;
				GCC_WARN_UNDECLARED_SELECTOR = YES;
				GCC_WARN_UNINITIALIZED_AUTOS = YES_AGGRESSIVE;
				GCC_WARN_UNUSED_FUNCTION = YES;
				GCC_WARN_UNUSED_VARIABLE = YES;
				IPHONEOS_DEPLOYMENT_TARGET = 11.4;
				MTL_ENABLE_DEBUG_INFO = YES;
				ONLY_ACTIVE_ARCH = YES;
				SDKROOT = iphoneos;
				SWIFT_ACTIVE_COMPILATION_CONDITIONS = DEBUG;
				SWIFT_OPTIMIZATION_LEVEL = "-Onone";
			};
			name = Debug;
		};
		2FD3D80A216BDA080051E4C3 /* Release */ = {
			isa = XCBuildConfiguration;
			buildSettings = {
				ALWAYS_SEARCH_USER_PATHS = NO;
				CLANG_ANALYZER_NONNULL = YES;
				CLANG_ANALYZER_NUMBER_OBJECT_CONVERSION = YES_AGGRESSIVE;
				CLANG_CXX_LANGUAGE_STANDARD = "gnu++14";
				CLANG_CXX_LIBRARY = "libc++";
				CLANG_ENABLE_MODULES = YES;
				CLANG_ENABLE_OBJC_ARC = YES;
				CLANG_ENABLE_OBJC_WEAK = YES;
				CLANG_WARN_BLOCK_CAPTURE_AUTORELEASING = YES;
				CLANG_WARN_BOOL_CONVERSION = YES;
				CLANG_WARN_COMMA = YES;
				CLANG_WARN_CONSTANT_CONVERSION = YES;
				CLANG_WARN_DEPRECATED_OBJC_IMPLEMENTATIONS = YES;
				CLANG_WARN_DIRECT_OBJC_ISA_USAGE = YES_ERROR;
				CLANG_WARN_DOCUMENTATION_COMMENTS = YES;
				CLANG_WARN_EMPTY_BODY = YES;
				CLANG_WARN_ENUM_CONVERSION = YES;
				CLANG_WARN_INFINITE_RECURSION = YES;
				CLANG_WARN_INT_CONVERSION = YES;
				CLANG_WARN_NON_LITERAL_NULL_CONVERSION = YES;
				CLANG_WARN_OBJC_IMPLICIT_RETAIN_SELF = YES;
				CLANG_WARN_OBJC_LITERAL_CONVERSION = YES;
				CLANG_WARN_OBJC_ROOT_CLASS = YES_ERROR;
				CLANG_WARN_RANGE_LOOP_ANALYSIS = YES;
				CLANG_WARN_STRICT_PROTOTYPES = YES;
				CLANG_WARN_SUSPICIOUS_MOVE = YES;
				CLANG_WARN_UNGUARDED_AVAILABILITY = YES_AGGRESSIVE;
				CLANG_WARN_UNREACHABLE_CODE = YES;
				CLANG_WARN__DUPLICATE_METHOD_MATCH = YES;
				CODE_SIGN_IDENTITY = "iPhone Developer";
				COPY_PHASE_STRIP = NO;
				DEBUG_INFORMATION_FORMAT = "dwarf-with-dsym";
				ENABLE_NS_ASSERTIONS = NO;
				ENABLE_STRICT_OBJC_MSGSEND = YES;
				GCC_C_LANGUAGE_STANDARD = gnu11;
				GCC_NO_COMMON_BLOCKS = YES;
				GCC_WARN_64_TO_32_BIT_CONVERSION = YES;
				GCC_WARN_ABOUT_RETURN_TYPE = YES_ERROR;
				GCC_WARN_UNDECLARED_SELECTOR = YES;
				GCC_WARN_UNINITIALIZED_AUTOS = YES_AGGRESSIVE;
				GCC_WARN_UNUSED_FUNCTION = YES;
				GCC_WARN_UNUSED_VARIABLE = YES;
				IPHONEOS_DEPLOYMENT_TARGET = 11.4;
				MTL_ENABLE_DEBUG_INFO = NO;
				SDKROOT = iphoneos;
				SWIFT_COMPILATION_MODE = wholemodule;
				SWIFT_OPTIMIZATION_LEVEL = "-O";
				VALIDATE_PRODUCT = YES;
			};
			name = Release;
		};
		2FD3D80C216BDA080051E4C3 /* Debug */ = {
			isa = XCBuildConfiguration;
			buildSettings = {
				ASSETCATALOG_COMPILER_APPICON_NAME = AppIcon;
				CODE_SIGN_STYLE = Automatic;
				DEVELOPMENT_TEAM = 42HJ3TX7YG;
				INFOPLIST_FILE = SensorHub/Info.plist;
				LD_RUNPATH_SEARCH_PATHS = (
					"$(inherited)",
					"@executable_path/Frameworks",
				);
				PRODUCT_BUNDLE_IDENTIFIER = com.attfoundry.sensorhub;
				PRODUCT_NAME = "$(TARGET_NAME)";
				SWIFT_VERSION = 4.2;
				TARGETED_DEVICE_FAMILY = 1;
			};
			name = Debug;
		};
		2FD3D80D216BDA080051E4C3 /* Release */ = {
			isa = XCBuildConfiguration;
			buildSettings = {
				ASSETCATALOG_COMPILER_APPICON_NAME = AppIcon;
				CODE_SIGN_STYLE = Automatic;
				DEVELOPMENT_TEAM = 42HJ3TX7YG;
				INFOPLIST_FILE = SensorHub/Info.plist;
				LD_RUNPATH_SEARCH_PATHS = (
					"$(inherited)",
					"@executable_path/Frameworks",
				);
				PRODUCT_BUNDLE_IDENTIFIER = com.attfoundry.sensorhub;
				PRODUCT_NAME = "$(TARGET_NAME)";
				SWIFT_VERSION = 4.2;
				TARGETED_DEVICE_FAMILY = 1;
			};
			name = Release;
		};
/* End XCBuildConfiguration section */

/* Begin XCConfigurationList section */
		2FD3D7F4216BDA070051E4C3 /* Build configuration list for PBXProject "SensorHub" */ = {
			isa = XCConfigurationList;
			buildConfigurations = (
				2FD3D809216BDA080051E4C3 /* Debug */,
				2FD3D80A216BDA080051E4C3 /* Release */,
			);
			defaultConfigurationIsVisible = 0;
			defaultConfigurationName = Release;
		};
		2FD3D80B216BDA080051E4C3 /* Build configuration list for PBXNativeTarget "SensorHub" */ = {
			isa = XCConfigurationList;
			buildConfigurations = (
				2FD3D80C216BDA080051E4C3 /* Debug */,
				2FD3D80D216BDA080051E4C3 /* Release */,
			);
			defaultConfigurationIsVisible = 0;
			defaultConfigurationName = Release;
		};
/* End XCConfigurationList section */
	};
	rootObject = 2FD3D7F1216BDA070051E4C3 /* Project object */;
}
